
Microsoft Visual Studio Solution File, Format Version 12.00
# Visual Studio 15
VisualStudioVersion = 15.0.28307.705
MinimumVisualStudioVersion = 10.0.40219.1
Project("{FAE04EC0-301F-11D3-BF4B-00C04F79EFBC}") = "IdentityCustomization", "IdentityCustomization\IdentityCustomization.csproj", "{80DA42C9-E586-4AF8-A224-C941A2DEA21C}"
EndProject
Global
	GlobalSection(SolutionConfigurationPlatforms) = preSolution
		Debug|Any CPU = Debug|Any CPU
		Release|Any CPU = Release|Any CPU
	EndGlobalSection
	GlobalSection(ProjectConfigurationPlatforms) = postSolution
		{80DA42C9-E586-4AF8-A224-C941A2DEA21C}.Debug|Any CPU.ActiveCfg = Debug|Any CPU
		{80DA42C9-E586-4AF8-A224-C941A2DEA21C}.Debug|Any CPU.Build.0 = Debug|Any CPU
		{80DA42C9-E586-4AF8-A224-C941A2DEA21C}.Release|Any CPU.ActiveCfg = Release|Any CPU
		{80DA42C9-E586-4AF8-A224-C941A2DEA21C}.Release|Any CPU.Build.0 = Release|Any CPU
	EndGlobalSection
	GlobalSection(SolutionProperties) = preSolution
		HideSolutionNode = FALSE
	EndGlobalSection
	GlobalSection(ExtensibilityGlobals) = postSolution
		SolutionGuid = {8EB3219A-42E9-4154-BC14-77CA5FA467F7}
	EndGlobalSection
EndGlobal
